{
  "name": "solana-learning",
  "version": "1.0.0",
  "lockfileVersion": 3,
  "requires": true,
  "packages": {
    "": {
      "name": "solana-learning",
      "version": "1.0.0",
      "dependencies": {
        "@solana-program/system": "^0.14.1",
        "@solana-program/token": "^0.16.1",
        "@solana/kit": "^8.2.0"
      }
    },
    "node_modules/@solana-program/system": {
      "version": "0.14.1",
      "resolved": "https://registry.npmjs.org/@solana-program/system/-/system-0.14.1.tgz",
      "integrity": "sha512-K6ZiIrAKoJAfcwfUdsoFvfSAxeRJaRrV7BPFTJvUVRS4m3zszN+nLcdaNMMe2F1/zTriZqC+xh+Kgw6ziGUqpQ==",
      "license": "Apache-2.0",
      "peerDependencies": {
        "@solana/kit": "^8.0.0"
      }
    },
    "node_modules/@solana-program/token": {
      "version": "0.16.1",
      "resolved": "https://registry.npmjs.org/@solana-program/token/-/token-0.16.1.tgz",
      "integrity": "sha512-X9dsvbh+VDq4SuCfvxn95P1DCvtBYHJOBiVmgBJMfW8l/lp8uSwEhy9IurpcdltnGi5kNIkCm4sk4YOXKAMiCw==",
      "license": "Apache-2.0",
      "dependencies": {
        "@solana-program/system": "^0.14.0"
      },
      "peerDependencies": {
        "@solana/kit": "^8.0.0"
      }
    },
    "node_modules/@solana/accounts": {
      "version": "8.2.0",
      "resolved": "https://registry.npmjs.org/@solana/accounts/-/accounts-8.2.0.tgz",
      "integrity": "sha512-An3BICrQJQ7jR5EIgXzYnaKyCE7+ZusW9xX8m6Vj7U2cKo8t6Y3PTQ+aMjEajwzsQfxEL8QnpClFC9hdoIu7MA==",
      "license": "MIT",
      "dependencies": {
        "@solana/addresses": "8.2.0",
        "@solana/codecs-core": "8.2.0",
        "@solana/codecs-strings": "8.2.0",
        "@solana/errors": "8.2.0",
        "@solana/rpc-spec": "8.2.0",
        "@solana/rpc-types": "8.2.0"
      },
      "engines": {
        "node": ">=20.18.0"
      },
      "peerDependencies": {
        "typescript": ">=5.4.0"
      },
      "peerDependenciesMeta": {
        "typescript": {
          "optional": true
        }
      }
    },
    "node_modules/@solana/addresses": {
      "version": "8.2.0",
      "resolved": "https://registry.npmjs.org/@solana/addresses/-/addresses-8.2.0.tgz",
      "integrity": "sha512-7Okh8u7d3QrKu7ltJa3PASniUhasn1cdbcMQ/8gpGsmHQNCvdtAmvw18xSTdr4m62RJ/0cI/DtTVQyNwooeAXQ==",
      "license": "MIT",
      "dependencies": {
        "@solana/assertions": "8.2.0",
        "@solana/codecs-core": "8.2.0",
        "@solana/codecs-strings": "8.2.0",
        "@solana/errors": "8.2.0",
        "@solana/nominal-types": "8.2.0"
      },
      "engines": {
        "node": ">=20.18.0"
      },
      "peerDependencies": {
        "typescript": ">=5.4.0"
      },
      "peerDependenciesMeta": {
        "typescript": {
          "optional": true
        }
      }
    },
    "node_modules/@solana/assertions": {
      "version": "8.2.0",
      "resolved": "https://registry.npmjs.org/@solana/assertions/-/assertions-8.2.0.tgz",
      "integrity": "sha512-izrnF8ZsviZDK0WCKl9ha5Ht4TNDHoU2QzMrPYOqkSkKkVh15p3MjTRXVFnM4CA+Xigtu8y8OPu2UnQNcAUVHQ==",
      "license": "MIT",
      "dependencies": {
        "@solana/errors": "8.2.0"
      },
      "engines": {
        "node": ">=20.18.0"
      },
      "peerDependencies": {
        "typescript": ">=5.4.0"
      },
      "peerDependenciesMeta": {
        "typescript": {
          "optional": true
        }
      }
    },
    "node_modules/@solana/codecs": {
      "version": "8.2.0",
      "resolved": "https://registry.npmjs.org/@solana/codecs/-/codecs-8.2.0.tgz",
      "integrity": "sha512-kn2esyzFznx6Pbb+8FUe3YNKYRZUB8H81pCiXSIe1+0WJ44lRhZHMo0s4L3FQMKhWHOnlV30sWeIg8taHLVW7g==",
      "license": "MIT",
      "dependencies": {
        "@solana/codecs-core": "8.2.0",
        "@solana/codecs-data-structures": "8.2.0",
        "@solana/codecs-numbers": "8.2.0",
        "@solana/codecs-strings": "8.2.0",
        "@solana/fixed-points": "8.2.0",
        "@solana/options": "8.2.0"
      },
      "engines": {
        "node": ">=20.18.0"
      },
      "peerDependencies": {
        "typescript": ">=5.4.0"
      },
      "peerDependenciesMeta": {
        "typescript": {
          "optional": true
        }
      }
    },
    "node_modules/@solana/codecs-core": {
      "version": "8.2.0",
      "resolved": "https://registry.npmjs.org/@solana/codecs-core/-/codecs-core-8.2.0.tgz",
      "integrity": "sha512-ORwzswFXbqNqlyVigogFIrn3Ge5cpDQkuMY0u3M40HBwHcC6a79uqM87DpoZypncKJDWA1DfJ/3w9hhTGumYAw==",
      "license": "MIT",
      "dependencies": {
        "@solana/errors": "8.2.0"
      },
      "engines": {
        "node": ">=20.18.0"
      },
      "peerDependencies": {
        "typescript": ">=5.4.0"
      },
      "peerDependenciesMeta": {
        "typescript": {
          "optional": true
        }
      }
    },
    "node_modules/@solana/codecs-data-structures": {
      "version": "8.2.0",
      "resolved": "https://registry.npmjs.org/@solana/codecs-data-structures/-/codecs-data-structures-8.2.0.tgz",
      "integrity": "sha512-uq59oSAXM9QR+cO7R3JmSTxBiNNJnayVWz2VHBdhhCQS8DEmd6hhqY1RVmPTpFtE0Jix5MkRV3Bu5GTmf6Y66A==",
      "license": "MIT",
      "dependencies": {
        "@solana/codecs-core": "8.2.0",
        "@solana/codecs-numbers": "8.2.0",
        "@solana/errors": "8.2.0"
      },
      "engines": {
        "node": ">=20.18.0"
      },
      "peerDependencies": {
        "typescript": ">=5.4.0"
      },
      "peerDependenciesMeta": {
        "typescript": {
          "optional": true
        }
      }
    },
    "node_modules/@solana/codecs-numbers": {
      "version": "8.2.0",
      "resolved": "https://registry.npmjs.org/@solana/codecs-numbers/-/codecs-numbers-8.2.0.tgz",
      "integrity": "sha512-GTOYzyk0SxQJS7MAN9zsyax4RFUtQDYzkVcpRf0Zo7eOy2/hPfuih09VJL2YdLPBJBcg8satdAYBYxxC282PYQ==",
      "license": "MIT",
      "dependencies": {
        "@solana/codecs-core": "8.2.0",
        "@solana/errors": "8.2.0"
      },
      "engines": {
        "node": ">=20.18.0"
      },
      "peerDependencies": {
        "typescript": ">=5.4.0"
      },
      "peerDependenciesMeta": {
        "typescript": {
          "optional": true
        }
      }
    },
    "node_modules/@solana/codecs-strings": {
      "version": "8.2.0",
      "resolved": "https://registry.npmjs.org/@solana/codecs-strings/-/codecs-strings-8.2.0.tgz",
      "integrity": "sha512-Dt/+rJ6gmH/OcOtvrhm6CtbB9jtVOGMxcIXoi62eNXw39Z1kJyN1gkqTjzBSS8Xb+X5lfkL70GHE9EDBb1JmqA==",
      "license": "MIT",
      "dependencies": {
        "@solana/codecs-core": "8.2.0",
        "@solana/codecs-numbers": "8.2.0",
        "@solana/errors": "8.2.0"
      },
      "engines": {
        "node": ">=20.18.0"
      },
      "peerDependencies": {
        "fastestsmallesttextencoderdecoder": "^1.0.22",
        "typescript": ">=5.4.0"
      },
      "peerDependenciesMeta": {
        "fastestsmallesttextencoderdecoder": {
          "optional": true
        },
        "typescript": {
          "optional": true
        }
      }
    },
    "node_modules/@solana/errors": {
      "version": "8.2.0",
      "resolved": "https://registry.npmjs.org/@solana/errors/-/errors-8.2.0.tgz",
      "integrity": "sha512-BXc9mafl3SOnRL542jY02ezBSXHgqQOUCzREN/vvh1ASUPrUB3iorOEc62cSxFdDU4aDVMcugowJawmVNTXXSg==",
      "license": "MIT",
      "dependencies": {
        "chalk": "5.6.2",
        "commander": "15.0.0"
      },
      "bin": {
        "errors": "bin/cli.mjs"
      },
      "engines": {
        "node": ">=20.18.0"
      },
      "peerDependencies": {
        "typescript": ">=5.4.0"
      },
      "peerDependenciesMeta": {
        "typescript": {
          "optional": true
        }
      }
    },
    "node_modules/@solana/fast-stable-stringify": {
      "version": "8.2.0",
      "resolved": "https://registry.npmjs.org/@solana/fast-stable-stringify/-/fast-stable-stringify-8.2.0.tgz",
      "integrity": "sha512-OND76Qsng/fiTVSUvaNZFv0WKEULlwcGRtgeIE2keA2xYoHYNTSoD6mxv4iWANfeDo4EH7D/HnOwnGEFXMjr9w==",
      "license": "MIT",
      "engines": {
        "node": ">=20.18.0"
      },
      "peerDependencies": {
        "typescript": ">=5.4.0"
      },
      "peerDependenciesMeta": {
        "typescript": {
          "optional": true
        }
      }
    },
    "node_modules/@solana/fixed-points": {
      "version": "8.2.0",
      "resolved": "https://registry.npmjs.org/@solana/fixed-points/-/fixed-points-8.2.0.tgz",
      "integrity": "sha512-w19JKErcbbENZzw4B+oBGwJXVKMIOi8TC7WxBawmpuv0XJSk6LP6surosg+XeoBHhtEsVCNHDtizi0mAS6OmMw==",
      "license": "MIT",
      "dependencies": {
        "@solana/codecs-core": "8.2.0",
        "@solana/errors": "8.2.0"
      },
      "engines": {
        "node": ">=20.18.0"
      },
      "peerDependencies": {
        "typescript": ">=5.4.0"
      },
      "peerDependenciesMeta": {
        "typescript": {
          "optional": true
        }
      }
    },
    "node_modules/@solana/functional": {
      "version": "8.2.0",
      "resolved": "https://registry.npmjs.org/@solana/functional/-/functional-8.2.0.tgz",
      "integrity": "sha512-+oTPl9yRZBbppUZU8qs4eu93iWPvs4Ij+HELPHISxLFo/cuG2YZGTDcWBVEzc8XEw0DUwwBOvou/wP7v1SnH+A==",
      "license": "MIT",
      "engines": {
        "node": ">=20.18.0"
      },
      "peerDependencies": {
        "typescript": ">=5.4.0"
      },
      "peerDependenciesMeta": {
        "typescript": {
          "optional": true
        }
      }
    },
    "node_modules/@solana/instruction-plans": {
      "version": "8.2.0",
      "resolved": "https://registry.npmjs.org/@solana/instruction-plans/-/instruction-plans-8.2.0.tgz",
      "integrity": "sha512-DDVHBAPifG3Q0s5e2hiBbfvrruLb3AhumTupDK+3f3f7MDc0Dth6rX054HtIINloqbFIw15f6/A3Z4VTh74CTg==",
      "license": "MIT",
      "dependencies": {
        "@solana/errors": "8.2.0",
        "@solana/instructions": "8.2.0",
        "@solana/keys": "8.2.0",
        "@solana/promises": "8.2.0",
        "@solana/transaction-messages": "8.2.0",
        "@solana/transactions": "8.2.0"
      },
      "engines": {
        "node": ">=20.18.0"
      },
      "peerDependencies": {
        "typescript": ">=5.4.0"
      },
      "peerDependenciesMeta": {
        "typescript": {
          "optional": true
        }
      }
    },
    "node_modules/@solana/instructions": {
      "version": "8.2.0",
      "resolved": "https://registry.npmjs.org/@solana/instructions/-/instructions-8.2.0.tgz",
      "integrity": "sha512-SFts84wW6hDXGSrLK5spl8nbKxKns2aR+S2ar0Zi3I0bl007heyoO7UKyxAoUvhfhObIfEIMuy2/qLoo6vDcjQ==",
      "license": "MIT",
      "dependencies": {
        "@solana/codecs-core": "8.2.0",
        "@solana/errors": "8.2.0"
      },
      "engines": {
        "node": ">=20.18.0"
      },
      "peerDependencies": {
        "typescript": ">=5.4.0"
      },
      "peerDependenciesMeta": {
        "typescript": {
          "optional": true
        }
      }
    },
    "node_modules/@solana/keys": {
      "version": "8.2.0",
      "resolved": "https://registry.npmjs.org/@solana/keys/-/keys-8.2.0.tgz",
      "integrity": "sha512-DezFZ0/ya98nILq+eSeq9fu9onVfqQYb7mtuDctdWxY1QFJvix562zkkFuFqnjOLL7XMEpdVPMxxQOzZ33wGCg==",
      "license": "MIT",
      "dependencies": {
        "@solana/assertions": "8.2.0",
        "@solana/codecs-core": "8.2.0",
        "@solana/codecs-strings": "8.2.0",
        "@solana/errors": "8.2.0",
        "@solana/nominal-types": "8.2.0",
        "@solana/promises": "8.2.0"
      },
      "engines": {
        "node": ">=20.18.0"
      },
      "peerDependencies": {
        "typescript": ">=5.4.0"
      },
      "peerDependenciesMeta": {
        "typescript": {
          "optional": true
        }
      }
    },
    "node_modules/@solana/kit": {
      "version": "8.2.0",
      "resolved": "https://registry.npmjs.org/@solana/kit/-/kit-8.2.0.tgz",
      "integrity": "sha512-1BfmnYmWe17u3RRX3HuNxjWkr2/n9Bai+yIG/XjMpgviobF3n8zsisZBJHPH2uORqvjkTFnOqGXoEQC8vUZHzw==",
      "license": "MIT",
      "dependencies": {
        "@solana/accounts": "8.2.0",
        "@solana/addresses": "8.2.0",
        "@solana/codecs": "8.2.0",
        "@solana/errors": "8.2.0",
        "@solana/functional": "8.2.0",
        "@solana/instruction-plans": "8.2.0",
        "@solana/instructions": "8.2.0",
        "@solana/keys": "8.2.0",
        "@solana/offchain-messages": "8.2.0",
        "@solana/plugin-core": "8.2.0",
        "@solana/plugin-interfaces": "8.2.0",
        "@solana/program-client-core": "8.2.0",
        "@solana/programs": "8.2.0",
        "@solana/promises": "8.2.0",
        "@solana/rpc": "8.2.0",
        "@solana/rpc-api": "8.2.0",
        "@solana/rpc-parsed-types": "8.2.0",
        "@solana/rpc-spec-types": "8.2.0",
        "@solana/rpc-subscriptions": "8.2.0",
        "@solana/rpc-types": "8.2.0",
        "@solana/signers": "8.2.0",
        "@solana/subscribable": "8.2.0",
        "@solana/sysvars": "8.2.0",
        "@solana/transaction-confirmation": "8.2.0",
        "@solana/transaction-introspection": "8.2.0",
        "@solana/transaction-messages": "8.2.0",
        "@solana/transactions": "8.2.0"
      },
      "engines": {
        "node": ">=20.18.0"
      },
      "peerDependencies": {
        "typescript": ">=5.4.0"
      },
      "peerDependenciesMeta": {
        "typescript": {
          "optional": true
        }
      }
    },
    "node_modules/@solana/nominal-types": {
      "version": "8.2.0",
      "resolved": "https://registry.npmjs.org/@solana/nominal-types/-/nominal-types-8.2.0.tgz",
      "integrity": "sha512-iuDE6ewgT7LJOSVC6UK4HR6n8INujujbglYVVFWNK/xWKi5p1y8JCOEEWAl/htK26LhLC51A1nMNfmBmTjP3ZQ==",
      "license": "MIT",
      "engines": {
        "node": ">=20.18.0"
      },
      "peerDependencies": {
        "typescript": ">=5.4.0"
      },
      "peerDependenciesMeta": {
        "typescript": {
          "optional": true
        }
      }
    },
    "node_modules/@solana/offchain-messages": {
      "version": "8.2.0",
      "resolved": "https://registry.npmjs.org/@solana/offchain-messages/-/offchain-messages-8.2.0.tgz",
      "integrity": "sha512-yXfVtK1VoQ/Eyz2jH/1+avixhYcpCPkGkXuiXxA3Vf73WCvniC8mNVQ5ppsV+OqCNw62mxaFMmNiVgiAQapKuw==",
      "license": "MIT",
      "dependencies": {
        "@solana/addresses": "8.2.0",
        "@solana/codecs-core": "8.2.0",
        "@solana/codecs-data-structures": "8.2.0",
        "@solana/codecs-numbers": "8.2.0",
        "@solana/codecs-strings": "8.2.0",
        "@solana/errors": "8.2.0",
        "@solana/keys": "8.2.0",
        "@solana/nominal-types": "8.2.0"
      },
      "engines": {
        "node": ">=20.18.0"
      },
      "peerDependencies": {
        "typescript": ">=5.4.0"
      },
      "peerDependenciesMeta": {
        "typescript": {
          "optional": true
        }
      }
    },
    "node_modules/@solana/options": {
      "version": "8.2.0",
      "resolved": "https://registry.npmjs.org/@solana/options/-/options-8.2.0.tgz",
      "integrity": "sha512-b3//UzZe/uBaIpw4fT/nvCOghh5IHoNkW7FCMA/nzvQ48A16n8qpLki9/+lLHi0V0o7/Jz5Sof0UYc0aSf1Dig==",
      "license": "MIT",
      "dependencies": {
        "@solana/codecs-core": "8.2.0",
        "@solana/codecs-data-structures": "8.2.0",
        "@solana/codecs-numbers": "8.2.0",
        "@solana/codecs-strings": "8.2.0",
        "@solana/errors": "8.2.0"
      },
      "engines": {
        "node": ">=20.18.0"
      },
      "peerDependencies": {
        "typescript": ">=5.4.0"
      },
      "peerDependenciesMeta": {
        "typescript": {
          "optional": true
        }
      }
    },
    "node_modules/@solana/plugin-core": {
      "version": "8.2.0",
      "resolved": "https://registry.npmjs.org/@solana/plugin-core/-/plugin-core-8.2.0.tgz",
      "integrity": "sha512-V7oSIhYXbUzjd5LUY4tbSUnyBka1hmULPFKuqxNzYxeY4eLI7S8GmTOg7xg6tOC0bJ+HLPvv64asuMXAn/PklQ==",
      "license": "MIT",
      "engines": {
        "node": ">=20.18.0"
      },
      "peerDependencies": {
        "typescript": ">=5.4.0"
      },
      "peerDependenciesMeta": {
        "typescript": {
          "optional": true
        }
      }
    },
    "node_modules/@solana/plugin-interfaces": {
      "version": "8.2.0",
      "resolved": "https://registry.npmjs.org/@solana/plugin-interfaces/-/plugin-interfaces-8.2.0.tgz",
      "integrity": "sha512-goOhGI493Fq+xhZ8JKl9/FDVFd0SJdkv5Lh0L2ubqekzUiGRCvHNwgXL8nVS7fso2UxIssDQmYKwXvubfhBVhw==",
      "license": "MIT",
      "dependencies": {
        "@solana/accounts": "8.2.0",
        "@solana/addresses": "8.2.0",
        "@solana/instruction-plans": "8.2.0",
        "@solana/keys": "8.2.0",
        "@solana/rpc-spec": "8.2.0",
        "@solana/rpc-subscriptions-spec": "8.2.0",
        "@solana/rpc-types": "8.2.0",
        "@solana/signers": "8.2.0",
        "@solana/transactions": "8.2.0"
      },
      "engines": {
        "node": ">=20.18.0"
      },
      "peerDependencies": {
        "typescript": ">=5.4.0"
      },
      "peerDependenciesMeta": {
        "typescript": {
          "optional": true
        }
      }
    },
    "node_modules/@solana/program-client-core": {
      "version": "8.2.0",
      "resolved": "https://registry.npmjs.org/@solana/program-client-core/-/program-client-core-8.2.0.tgz",
      "integrity": "sha512-miQ7qKW0d0etaa2YAehGU3heV5Y4ip5BBCwZXb/yg8yWndTt4d4E+8z+5Q/oS5kOuFraOFYr+Uev7SQKngNXBg==",
      "license": "MIT",
      "dependencies": {
        "@solana/accounts": "8.2.0",
        "@solana/addresses": "8.2.0",
        "@solana/codecs-core": "8.2.0",
        "@solana/errors": "8.2.0",
        "@solana/instruction-plans": "8.2.0",
        "@solana/instructions": "8.2.0",
        "@solana/plugin-interfaces": "8.2.0",
        "@solana/rpc-api": "8.2.0",
        "@solana/signers": "8.2.0"
      },
      "engines": {
        "node": ">=20.18.0"
      },
      "peerDependencies": {
        "typescript": ">=5.4.0"
      },
      "peerDependenciesMeta": {
        "typescript": {
          "optional": true
        }
      }
    },
    "node_modules/@solana/programs": {
      "version": "8.2.0",
      "resolved": "https://registry.npmjs.org/@solana/programs/-/programs-8.2.0.tgz",
      "integrity": "sha512-yttl6ps7G9vM83pdfekyregTIqmRThFpdcrCIZ3y2qOLZ63KVxVMhNJ8kn8FrX3MyWh5rr/hTWdWKc4/U12Epg==",
      "license": "MIT",
      "dependencies": {
        "@solana/addresses": "8.2.0",
        "@solana/errors": "8.2.0"
      },
      "engines": {
        "node": ">=20.18.0"
      },
      "peerDependencies": {
        "typescript": ">=5.4.0"
      },
      "peerDependenciesMeta": {
        "typescript": {
          "optional": true
        }
      }
    },
    "node_modules/@solana/promises": {
      "version": "8.2.0",
      "resolved": "https://registry.npmjs.org/@solana/promises/-/promises-8.2.0.tgz",
      "integrity": "sha512-i33ll+en6/Qcjw10gPeikCmU687W1pQNZPxirEuRWO/+PhE2qDQ9ZODgEakVi/1k+vSwL8sK941qfWig+3D0dQ==",
      "license": "MIT",
      "engines": {
        "node": ">=20.18.0"
      },
      "peerDependencies": {
        "typescript": ">=5.4.0"
      },
      "peerDependenciesMeta": {
        "typescript": {
          "optional": true
        }
      }
    },
    "node_modules/@solana/rpc": {
      "version": "8.2.0",
      "resolved": "https://registry.npmjs.org/@solana/rpc/-/rpc-8.2.0.tgz",
      "integrity": "sha512-Of/2KqDf728HxKzJlwlZRvRSrgpHoDAg5+t/3RwdXWBoRQ1r3FXqwBXOrBT2g47w+fUy1iJcy5XZ7LXnXBXPIg==",
      "license": "MIT",
      "dependencies": {
        "@solana/errors": "8.2.0",
        "@solana/fast-stable-stringify": "8.2.0",
        "@solana/functional": "8.2.0",
        "@solana/rpc-api": "8.2.0",
        "@solana/rpc-spec": "8.2.0",
        "@solana/rpc-spec-types": "8.2.0",
        "@solana/rpc-transformers": "8.2.0",
        "@solana/rpc-transport-http": "8.2.0",
        "@solana/rpc-types": "8.2.0"
      },
      "engines": {
        "node": ">=20.18.0"
      },
      "peerDependencies": {
        "typescript": ">=5.4.0"
      },
      "peerDependenciesMeta": {
        "typescript": {
          "optional": true
        }
      }
    },
    "node_modules/@solana/rpc-api": {
      "version": "8.2.0",
      "resolved": "https://registry.npmjs.org/@solana/rpc-api/-/rpc-api-8.2.0.tgz",
      "integrity": "sha512-lGvk1xeOo4cbypuD/5AAkJPHv5E3g7lqbzRIxZhsQPBkK+knVuEb7e3UncOnjuWkijZoFiB/k+Rfk83gmlhdpg==",
      "license": "MIT",
      "dependencies": {
        "@solana/addresses": "8.2.0",
        "@solana/codecs-core": "8.2.0",
        "@solana/codecs-strings": "8.2.0",
        "@solana/errors": "8.2.0",
        "@solana/keys": "8.2.0",
        "@solana/rpc-parsed-types": "8.2.0",
        "@solana/rpc-spec": "8.2.0",
        "@solana/rpc-transformers": "8.2.0",
        "@solana/rpc-types": "8.2.0",
        "@solana/transaction-messages": "8.2.0",
        "@solana/transactions": "8.2.0"
      },
      "engines": {
        "node": ">=20.18.0"
      },
      "peerDependencies": {
        "typescript": ">=5.4.0"
      },
      "peerDependenciesMeta": {
        "typescript": {
          "optional": true
        }
      }
    },
    "node_modules/@solana/rpc-parsed-types": {
      "version": "8.2.0",
      "resolved": "https://registry.npmjs.org/@solana/rpc-parsed-types/-/rpc-parsed-types-8.2.0.tgz",
      "integrity": "sha512-JJ4BfUlX8eCIUh3zm8jTkHkNLf6HyY9UjJmi4GPicFPJZ5MXSUeh42eaSxvHszXUoS7u9V30kTt1hznwfF5fqA==",
      "license": "MIT",
      "engines": {
        "node": ">=20.18.0"
      },
      "peerDependencies": {
        "typescript": ">=5.4.0"
      },
      "peerDependenciesMeta": {
        "typescript": {
          "optional": true
        }
      }
    },
    "node_modules/@solana/rpc-spec": {
      "version": "8.2.0",
      "resolved": "https://registry.npmjs.org/@solana/rpc-spec/-/rpc-spec-8.2.0.tgz",
      "integrity": "sha512-fR0hv/NP3K4WNePK9+97GYrDjzoN7kF0hlffRlSygksAC0FKvtKQ5lPBMg0ptWtswInp8Kk7Cz1zTCf6S+wLUQ==",
      "license": "MIT",
      "dependencies": {
        "@solana/errors": "8.2.0",
        "@solana/rpc-spec-types": "8.2.0",
        "@solana/subscribable": "8.2.0"
      },
      "engines": {
        "node": ">=20.18.0"
      },
      "peerDependencies": {
        "typescript": ">=5.4.0"
      },
      "peerDependenciesMeta": {
        "typescript": {
          "optional": true
        }
      }
    },
    "node_modules/@solana/rpc-spec-types": {
      "version": "8.2.0",
      "resolved": "https://registry.npmjs.org/@solana/rpc-spec-types/-/rpc-spec-types-8.2.0.tgz",
      "integrity": "sha512-pKOezoP0vuVwyjUKcS4Ewl3Mm/owv/16n7RocqFC3nx94qtk5FpSOAtielUHzBQ3JUgRLJrSKonw2yWxqgtVFg==",
      "license": "MIT",
      "dependencies": {
        "@solana/errors": "8.2.0"
      },
      "engines": {
        "node": ">=20.18.0"
      },
      "peerDependencies": {
        "typescript": ">=5.4.0"
      },
      "peerDependenciesMeta": {
        "typescript": {
          "optional": true
        }
      }
    },
    "node_modules/@solana/rpc-subscriptions": {
      "version": "8.2.0",
      "resolved": "https://registry.npmjs.org/@solana/rpc-subscriptions/-/rpc-subscriptions-8.2.0.tgz",
      "integrity": "sha512-pHf/RiDqIHeGp2blseYRVjzWz4WUAY/5vkOya+BQhjx+7Odr/J19G3ZVDwExgtU95UhCDL9gVHPyAgKr0mNcUg==",
      "license": "MIT",
      "dependencies": {
        "@solana/errors": "8.2.0",
        "@solana/fast-stable-stringify": "8.2.0",
        "@solana/functional": "8.2.0",
        "@solana/promises": "8.2.0",
        "@solana/rpc-spec-types": "8.2.0",
        "@solana/rpc-subscriptions-api": "8.2.0",
        "@solana/rpc-subscriptions-channel-websocket": "8.2.0",
        "@solana/rpc-subscriptions-spec": "8.2.0",
        "@solana/rpc-transformers": "8.2.0",
        "@solana/rpc-types": "8.2.0",
        "@solana/subscribable": "8.2.0"
      },
      "engines": {
        "node": ">=20.18.0"
      },
      "peerDependencies": {
        "typescript": ">=5.4.0"
      },
      "peerDependenciesMeta": {
        "typescript": {
          "optional": true
        }
      }
    },
    "node_modules/@solana/rpc-subscriptions-api": {
      "version": "8.2.0",
      "resolved": "https://registry.npmjs.org/@solana/rpc-subscriptions-api/-/rpc-subscriptions-api-8.2.0.tgz",
      "integrity": "sha512-37UHtjFmBUagtRw9NeWViTqSJlExyuI2j88m3jJSw9c6WRw7lLzUJIRGA51ArYyhAyhtAoGjXpUZiODKSE9lEw==",
      "license": "MIT",
      "dependencies": {
        "@solana/addresses": "8.2.0",
        "@solana/keys": "8.2.0",
        "@solana/rpc-subscriptions-spec": "8.2.0",
        "@solana/rpc-transformers": "8.2.0",
        "@solana/rpc-types": "8.2.0",
        "@solana/transaction-messages": "8.2.0",
        "@solana/transactions": "8.2.0"
      },
      "engines": {
        "node": ">=20.18.0"
      },
      "peerDependencies": {
        "typescript": ">=5.4.0"
      },
      "peerDependenciesMeta": {
        "typescript": {
          "optional": true
        }
      }
    },
    "node_modules/@solana/rpc-subscriptions-channel-websocket": {
      "version": "8.2.0",
      "resolved": "https://registry.npmjs.org/@solana/rpc-subscriptions-channel-websocket/-/rpc-subscriptions-channel-websocket-8.2.0.tgz",
      "integrity": "sha512-R9pk8Lq030M1+bAz6e2qKv6ldGLmICFYJOaLxVifyDE4VBb1BGV3Tt1VTAaFIfHyYucmFmxGRmPFmedA3Kysqw==",
      "license": "MIT",
      "dependencies": {
        "@solana/errors": "8.2.0",
        "@solana/functional": "8.2.0",
        "@solana/rpc-subscriptions-spec": "8.2.0",
        "@solana/subscribable": "8.2.0",
        "ws": "^8.21.3"
      },
      "engines": {
        "node": ">=20.18.0"
      },
      "peerDependencies": {
        "typescript": ">=5.4.0"
      },
      "peerDependenciesMeta": {
        "typescript": {
          "optional": true
        }
      }
    },
    "node_modules/@solana/rpc-subscriptions-spec": {
      "version": "8.2.0",
      "resolved": "https://registry.npmjs.org/@solana/rpc-subscriptions-spec/-/rpc-subscriptions-spec-8.2.0.tgz",
      "integrity": "sha512-ajcncAnQ7XzE85MZ8uajjO9E7NyLwLWFVUYG+y82vb04ZWFRN3DrMswIC4T5m14OkU3RY/Z2WGxC9nT1W4wPWw==",
      "license": "MIT",
      "dependencies": {
        "@solana/errors": "8.2.0",
        "@solana/promises": "8.2.0",
        "@solana/rpc-spec-types": "8.2.0",
        "@solana/subscribable": "8.2.0"
      },
      "engines": {
        "node": ">=20.18.0"
      },
      "peerDependencies": {
        "typescript": ">=5.4.0"
      },
      "peerDependenciesMeta": {
        "typescript": {
          "optional": true
        }
      }
    },
    "node_modules/@solana/rpc-transformers": {
      "version": "8.2.0",
      "resolved": "https://registry.npmjs.org/@solana/rpc-transformers/-/rpc-transformers-8.2.0.tgz",
      "integrity": "sha512-tiMdJ9ZRgqANBNxlXK7OSDbwixAy7K1MzowzO7vNdlJbV+0WN0Lm/X5hEhKnlU42AD+clC6t9qZjVbg7BhQrqw==",
      "license": "MIT",
      "dependencies": {
        "@solana/errors": "8.2.0",
        "@solana/functional": "8.2.0",
        "@solana/nominal-types": "8.2.0",
        "@solana/rpc-spec-types": "8.2.0",
        "@solana/rpc-types": "8.2.0"
      },
      "engines": {
        "node": ">=20.18.0"
      },
      "peerDependencies": {
        "typescript": ">=5.4.0"
      },
      "peerDependenciesMeta": {
        "typescript": {
          "optional": true
        }
      }
    },
    "node_modules/@solana/rpc-transport-http": {
      "version": "8.2.0",
      "resolved": "https://registry.npmjs.org/@solana/rpc-transport-http/-/rpc-transport-http-8.2.0.tgz",
      "integrity": "sha512-eOkgv52ZSMFLYNQaCsvxmPciZeXplWaPjbEcl9iZkGOAp3B2bO6KyMg8trEjaZNfcLC15+CpXMOZpMArXXSBCg==",
      "license": "MIT",
      "dependencies": {
        "@solana/errors": "8.2.0",
        "@solana/rpc-spec": "8.2.0",
        "@solana/rpc-spec-types": "8.2.0",
        "undici-types": "^8.10.0"
      },
      "engines": {
        "node": ">=20.18.0"
      },
      "peerDependencies": {
        "typescript": ">=5.4.0"
      },
      "peerDependenciesMeta": {
        "typescript": {
          "optional": true
        }
      }
    },
    "node_modules/@solana/rpc-types": {
      "version": "8.2.0",
      "resolved": "https://registry.npmjs.org/@solana/rpc-types/-/rpc-types-8.2.0.tgz",
      "integrity": "sha512-rGF2vB8Bk0G2DYNxgEbDlANk+KirQGHVS1qRLxsi6OxACrgsSrGqrp0Onb5J8HLRMTEF+QrbbORDz9TQ5Q71fQ==",
      "license": "MIT",
      "dependencies": {
        "@solana/addresses": "8.2.0",
        "@solana/codecs-core": "8.2.0",
        "@solana/codecs-numbers": "8.2.0",
        "@solana/codecs-strings": "8.2.0",
        "@solana/errors": "8.2.0",
        "@solana/fixed-points": "8.2.0",
        "@solana/nominal-types": "8.2.0"
      },
      "engines": {
        "node": ">=20.18.0"
      },
      "peerDependencies": {
        "typescript": ">=5.4.0"
      },
      "peerDependenciesMeta": {
        "typescript": {
          "optional": true
        }
      }
    },
    "node_modules/@solana/signers": {
      "version": "8.2.0",
      "resolved": "https://registry.npmjs.org/@solana/signers/-/signers-8.2.0.tgz",
      "integrity": "sha512-wfLiDhtPMnE9Mn8IeSAJ0RMfCyHUqeNZllFLfgDY3RUsCf5s9EgMC5U+HNSvtEWJ8ABGWWR5nYyWMXTWiMeuPA==",
      "license": "MIT",
      "dependencies": {
        "@solana/addresses": "8.2.0",
        "@solana/codecs-core": "8.2.0",
        "@solana/errors": "8.2.0",
        "@solana/instructions": "8.2.0",
        "@solana/keys": "8.2.0",
        "@solana/nominal-types": "8.2.0",
        "@solana/offchain-messages": "8.2.0",
        "@solana/transaction-messages": "8.2.0",
        "@solana/transactions": "8.2.0"
      },
      "engines": {
        "node": ">=20.18.0"
      },
      "peerDependencies": {
        "typescript": ">=5.4.0"
      },
      "peerDependenciesMeta": {
        "typescript": {
          "optional": true
        }
      }
    },
    "node_modules/@solana/subscribable": {
      "version": "8.2.0",
      "resolved": "https://registry.npmjs.org/@solana/subscribable/-/subscribable-8.2.0.tgz",
      "integrity": "sha512-ATJBeJkaCUIxU3JWUcgfOjnOM3nn9qDfTigEkr0Cp3xFzIHnIVwis3W4Hcc/de1z0uvOXQOIYroahDr8H+djOg==",
      "license": "MIT",
      "dependencies": {
        "@solana/errors": "8.2.0",
        "@solana/promises": "8.2.0"
      },
      "engines": {
        "node": ">=20.18.0"
      },
      "peerDependencies": {
        "typescript": ">=5.4.0"
      },
      "peerDependenciesMeta": {
        "typescript": {
          "optional": true
        }
      }
    },
    "node_modules/@solana/sysvars": {
      "version": "8.2.0",
      "resolved": "https://registry.npmjs.org/@solana/sysvars/-/sysvars-8.2.0.tgz",
      "integrity": "sha512-kwhOwBfUvUGuGGGnwTGHtNVQ02O3YCfXpp4xwUhe6bjUyp9M9wEmf70up6I9x2D4uB1nHaZRfco1CXfxhcH8sg==",
      "license": "MIT",
      "dependencies": {
        "@solana/accounts": "8.2.0",
        "@solana/codecs-core": "8.2.0",
        "@solana/codecs-data-structures": "8.2.0",
        "@solana/codecs-numbers": "8.2.0",
        "@solana/errors": "8.2.0",
        "@solana/rpc-types": "8.2.0"
      },
      "engines": {
        "node": ">=20.18.0"
      },
      "peerDependencies": {
        "typescript": ">=5.4.0"
      },
      "peerDependenciesMeta": {
        "typescript": {
          "optional": true
        }
      }
    },
    "node_modules/@solana/transaction-confirmation": {
      "version": "8.2.0",
      "resolved": "https://registry.npmjs.org/@solana/transaction-confirmation/-/transaction-confirmation-8.2.0.tgz",
      "integrity": "sha512-3L1LlMQ00l2kb3pcejvQ7vMKzyFayFhc6PqvZyh3M0/FNPfsc4z46yUf35I79SI6cuFWy2VkzA+a2ylOuCNC7w==",
      "license": "MIT",
      "dependencies": {
        "@solana/addresses": "8.2.0",
        "@solana/codecs-strings": "8.2.0",
        "@solana/errors": "8.2.0",
        "@solana/keys": "8.2.0",
        "@solana/promises": "8.2.0",
        "@solana/rpc": "8.2.0",
        "@solana/rpc-subscriptions": "8.2.0",
        "@solana/rpc-types": "8.2.0",
        "@solana/transaction-messages": "8.2.0",
        "@solana/transactions": "8.2.0"
      },
      "engines": {
        "node": ">=20.18.0"
      },
      "peerDependencies": {
        "typescript": ">=5.4.0"
      },
      "peerDependenciesMeta": {
        "typescript": {
          "optional": true
        }
      }
    },
    "node_modules/@solana/transaction-introspection": {
      "version": "8.2.0",
      "resolved": "https://registry.npmjs.org/@solana/transaction-introspection/-/transaction-introspection-8.2.0.tgz",
      "integrity": "sha512-unha6ugKrZa1TcB5Slnxisa/uQC56fyYi7BDvfCVI60OLEowtOTTvmJMKe35ETMzbimjBEPE/B5EgbydOHVBnQ==",
      "license": "MIT",
      "dependencies": {
        "@solana/addresses": "8.2.0",
        "@solana/codecs-core": "8.2.0",
        "@solana/codecs-strings": "8.2.0",
        "@solana/errors": "8.2.0",
        "@solana/instructions": "8.2.0",
        "@solana/rpc-types": "8.2.0",
        "@solana/transaction-messages": "8.2.0",
        "@solana/transactions": "8.2.0"
      },
      "engines": {
        "node": ">=20.18.0"
      },
      "peerDependencies": {
        "typescript": ">=5.4.0"
      },
      "peerDependenciesMeta": {
        "typescript": {
          "optional": true
        }
      }
    },
    "node_modules/@solana/transaction-messages": {
      "version": "8.2.0",
      "resolved": "https://registry.npmjs.org/@solana/transaction-messages/-/transaction-messages-8.2.0.tgz",
      "integrity": "sha512-+0U4iR/WRb8UiBXRhJJUY0+BmAOv+bQj7fifUF6o7x/IPg/K2Y4CmH4m7dOT2yhcg0KDzZPkXidXLm6saBX0Hw==",
      "license": "MIT",
      "dependencies": {
        "@solana/addresses": "8.2.0",
        "@solana/codecs-core": "8.2.0",
        "@solana/codecs-data-structures": "8.2.0",
        "@solana/codecs-numbers": "8.2.0",
        "@solana/errors": "8.2.0",
        "@solana/functional": "8.2.0",
        "@solana/instructions": "8.2.0",
        "@solana/nominal-types": "8.2.0",
        "@solana/rpc-types": "8.2.0"
      },
      "engines": {
        "node": ">=20.18.0"
      },
      "peerDependencies": {
        "typescript": ">=5.4.0"
      },
      "peerDependenciesMeta": {
        "typescript": {
          "optional": true
        }
      }
    },
    "node_modules/@solana/transactions": {
      "version": "8.2.0",
      "resolved": "https://registry.npmjs.org/@solana/transactions/-/transactions-8.2.0.tgz",
      "integrity": "sha512-WfbzFTf2BvpW14OIOin/9Mj29XE5GJVORAnziDK+GEiTPnruNzNkHBrd2kt/ACg12dh12kmutDj5WI3pzrN3Bw==",
      "license": "MIT",
      "dependencies": {
        "@solana/addresses": "8.2.0",
        "@solana/codecs-core": "8.2.0",
        "@solana/codecs-data-structures": "8.2.0",
        "@solana/codecs-numbers": "8.2.0",
        "@solana/codecs-strings": "8.2.0",
        "@solana/errors": "8.2.0",
        "@solana/functional": "8.2.0",
        "@solana/instructions": "8.2.0",
        "@solana/keys": "8.2.0",
        "@solana/nominal-types": "8.2.0",
        "@solana/rpc-types": "8.2.0",
        "@solana/transaction-messages": "8.2.0"
      },
      "engines": {
        "node": ">=20.18.0"
      },
      "peerDependencies": {
        "typescript": ">=5.4.0"
      },
      "peerDependenciesMeta": {
        "typescript": {
          "optional": true
        }
      }
    },
    "node_modules/chalk": {
      "version": "5.6.2",
      "resolved": "https://registry.npmjs.org/chalk/-/chalk-5.6.2.tgz",
      "integrity": "sha512-7NzBL0rN6fMUW+f7A6Io4h40qQlG+xGmtMxfbnH/K7TAtt8JQWVQK+6g0UXKMeVJoyV5EkkNsErQ8pVD3bLHbA==",
      "license": "MIT",
      "engines": {
        "node": "^12.17.0 || ^14.13 || >=16.0.0"
      },
      "funding": {
        "url": "https://github.com/chalk/chalk?sponsor=1"
      }
    },
    "node_modules/commander": {
      "version": "15.0.0",
      "resolved": "https://registry.npmjs.org/commander/-/commander-15.0.0.tgz",
      "integrity": "sha512-z67u4ZhzCL/Tydu1lJARtEZYWbWaN7oYLHbsuzocr6y4N6WZAagG3RQ4FW61V1/0+jImpj293XfrcYnd1qxtPg==",
      "license": "MIT",
      "engines": {
        "node": ">=22.12.0"
      }
    },
    "node_modules/undici-types": {
      "version": "8.10.2",
      "resolved": "https://registry.npmjs.org/undici-types/-/undici-types-8.10.2.tgz",
      "integrity": "sha512-7/+aSjzkUoLc92hV22bTW4aGanXf800zbwguhcICs0OAoCF9wDOE4wkopQ+SqfhXZm8mCK8gHpdTs7pZUWzK3w==",
      "license": "MIT"
    },
    "node_modules/ws": {
      "version": "8.21.3",
      "resolved": "https://registry.npmjs.org/ws/-/ws-8.21.3.tgz",
      "integrity": "sha512-201TZ/kPWxoPr/OKWjquZR1SWKXcvxdH+e1xrx89b3YbmzLMFCLfnaG1HFIgWzJOEWZ7MvpK++odZufgYR50Rw==",
      "license": "MIT",
      "engines": {
        "node": ">=10.0.0"
      },
      "peerDependencies": {
        "bufferutil": "^4.0.1",
        "utf-8-validate": ">=5.0.2"
      },
      "peerDependenciesMeta": {
        "bufferutil": {
          "optional": true
        },
        "utf-8-validate": {
          "optional": true
        }
      }
    }
  }
}
